lockfileVersion: "9.0"

settings:
  autoInstallPeers: true
  excludeLinksFromLockfile: false

importers:
  .:
    dependencies:
      "@ianvs/prettier-plugin-sort-imports":
        specifier: ^4.6.1
        version: 4.6.1(prettier@3.6.2)
      prettier-plugin-packagejson:
        specifier: ^2.5.19
        version: 2.5.19(prettier@3.6.2)
      prettier-plugin-tailwindcss:
        specifier: ^0.6.14
        version: 0.6.14(@ianvs/prettier-plugin-sort-imports@4.6.1(prettier@3.6.2))(prettier@3.6.2)
    devDependencies:
      prettier:
        specifier: ^3.6.2
        version: 3.6.2

packages:
  "@babel/code-frame@7.27.1":
    resolution:
      { integrity: sha512-cjQ7ZlQ0Mv3b47hABuTevyTuYN4i+loJKGeV9flcCgIK37cCXRh+L1bd3iBHlynerhQ7BhCkn2BPbQUL+rGqFg== }
    engines: { node: ">=6.9.0" }

  "@babel/generator@7.28.0":
    resolution:
      { integrity: sha512-lJjzvrbEeWrhB4P3QBsH7tey117PjLZnDbLiQEKjQ/fNJTjuq4HSqgFA+UNSwZT8D7dxxbnuSBMsa1lrWzKlQg== }
    engines: { node: ">=6.9.0" }

  "@babel/helper-globals@7.28.0":
    resolution:
      { integrity: sha512-+W6cISkXFa1jXsDEdYA8HeevQT/FULhxzR99pxphltZcVaugps53THCeiWA8SguxxpSp3gKPiuYfSWopkLQ4hw== }
    engines: { node: ">=6.9.0" }

  "@babel/helper-string-parser@7.27.1":
    resolution:
      { integrity: sha512-qMlSxKbpRlAridDExk92nSobyDdpPijUq2DW6oDnUqd0iOGxmQjyqhMIihI9+zv4LPyZdRje2cavWPbCbWm3eA== }
    engines: { node: ">=6.9.0" }

  "@babel/helper-validator-identifier@7.27.1":
    resolution:
      { integrity: sha512-D2hP9eA+Sqx1kBZgzxZh0y1trbuU+JoDkiEwqhQ36nodYqJwyEIhPSdMNd7lOm/4io72luTPWH20Yda0xOuUow== }
    engines: { node: ">=6.9.0" }

  "@babel/parser@7.28.0":
    resolution:
      { integrity: sha512-jVZGvOxOuNSsuQuLRTh13nU0AogFlw32w/MT+LV6D3sP5WdbW61E77RnkbaO2dUvmPAYrBDJXGn5gGS6tH4j8g== }
    engines: { node: ">=6.0.0" }
    hasBin: true

  "@babel/template@7.27.2":
    resolution:
      { integrity: sha512-LPDZ85aEJyYSd18/DkjNh4/y1ntkE5KwUHWTiqgRxruuZL2F1yuHligVHLvcHY2vMHXttKFpJn6LwfI7cw7ODw== }
    engines: { node: ">=6.9.0" }

  "@babel/traverse@7.28.0":
    resolution:
      { integrity: sha512-mGe7UK5wWyh0bKRfupsUchrQGqvDbZDbKJw+kcRGSmdHVYrv+ltd0pnpDTVpiTqnaBru9iEvA8pz8W46v0Amwg== }
    engines: { node: ">=6.9.0" }

  "@babel/types@7.28.2":
    resolution:
      { integrity: sha512-ruv7Ae4J5dUYULmeXw1gmb7rYRz57OWCPM57pHojnLq/3Z1CK2lNSLTCVjxVk1F/TZHwOZZrOWi0ur95BbLxNQ== }
    engines: { node: ">=6.9.0" }

  "@ianvs/prettier-plugin-sort-imports@4.6.1":
    resolution:
      { integrity: sha512-Q0gujs/g6tw1uOGd1bTVLGDzAwb/UwrCehhPCQevTCYDkho8+eQSOhA0zcy9AM0XnXM1ChBWsZeE4P7Nym0pyw== }
    peerDependencies:
      "@prettier/plugin-oxc": ^0.0.4
      "@vue/compiler-sfc": 2.7.x || 3.x
      content-tag: ^4.0.0
      prettier: 2 || 3 || ^4.0.0-0
      prettier-plugin-ember-template-tag: ^2.1.0
    peerDependenciesMeta:
      "@prettier/plugin-oxc":
        optional: true
      "@vue/compiler-sfc":
        optional: true
      content-tag:
        optional: true
      prettier-plugin-ember-template-tag:
        optional: true

  "@jridgewell/gen-mapping@0.3.12":
    resolution:
      { integrity: sha512-OuLGC46TjB5BbN1dH8JULVVZY4WTdkF7tV9Ys6wLL1rubZnCMstOhNHueU5bLCrnRuDhKPDM4g6sw4Bel5Gzqg== }

  "@jridgewell/resolve-uri@3.1.2":
    resolution:
      { integrity: sha512-bRISgCIjP20/tbWSPWMEi54QVPRZExkuD9lJL+UIxUKtwVJA8wW1Trb1jMs1RFXo1CBTNZ/5hpC9QvmKWdopKw== }
    engines: { node: ">=6.0.0" }

  "@jridgewell/sourcemap-codec@1.5.4":
    resolution:
      { integrity: sha512-VT2+G1VQs/9oz078bLrYbecdZKs912zQlkelYpuf+SXF+QvZDYJlbx/LSx+meSAwdDFnF8FVXW92AVjjkVmgFw== }

  "@jridgewell/trace-mapping@0.3.29":
    resolution:
      { integrity: sha512-uw6guiW/gcAGPDhLmd77/6lW8QLeiV5RUTsAX46Db6oLhGaVj4lhnPwb184s1bkc8kdVg/+h988dro8GRDpmYQ== }

  "@pkgr/core@0.2.9":
    resolution:
      { integrity: sha512-QNqXyfVS2wm9hweSYD2O7F0G06uurj9kZ96TRQE5Y9hU7+tgdZwIkbAKc5Ocy1HxEY2kuDQa6cQ1WRs/O5LFKA== }
    engines: { node: ^12.20.0 || ^14.18.0 || >=16.0.0 }

  debug@4.4.1:
    resolution:
      { integrity: sha512-KcKCqiftBJcZr++7ykoDIEwSa3XWowTfNPo92BYxjXiyYEVrUQh2aLyhxBCwww+heortUFxEJYcRzosstTEBYQ== }
    engines: { node: ">=6.0" }
    peerDependencies:
      supports-color: "*"
    peerDependenciesMeta:
      supports-color:
        optional: true

  detect-indent@7.0.1:
    resolution:
      { integrity: sha512-Mc7QhQ8s+cLrnUfU/Ji94vG/r8M26m8f++vyres4ZoojaRDpZ1eSIh/EpzLNwlWuvzSZ3UbDFspjFvTDXe6e/g== }
    engines: { node: ">=12.20" }

  detect-newline@4.0.1:
    resolution:
      { integrity: sha512-qE3Veg1YXzGHQhlA6jzebZN2qVf6NX+A7m7qlhCGG30dJixrAQhYOsJjsnBjJkCSmuOPpCk30145fr8FV0bzog== }
    engines: { node: ^12.20.0 || ^14.13.1 || >=16.0.0 }

  fdir@6.4.6:
    resolution:
      { integrity: sha512-hiFoqpyZcfNm1yc4u8oWCf9A2c4D3QjCrks3zmoVKVxpQRzmPNar1hUJcBG2RQHvEVGDN+Jm81ZheVLAQMK6+w== }
    peerDependencies:
      picomatch: ^3 || ^4
    peerDependenciesMeta:
      picomatch:
        optional: true

  git-hooks-list@4.1.1:
    resolution:
      { integrity: sha512-cmP497iLq54AZnv4YRAEMnEyQ1eIn4tGKbmswqwmFV4GBnAqE8NLtWxxdXa++AalfgL5EBH4IxTPyquEuGY/jA== }

  is-plain-obj@4.1.0:
    resolution:
      { integrity: sha512-+Pgi+vMuUNkJyExiMBt5IlFoMyKnr5zhJ4Uspz58WOhBF5QoIZkFyNHIbBAtHwzVAgk5RtndVNsDRN61/mmDqg== }
    engines: { node: ">=12" }

  js-tokens@4.0.0:
    resolution:
      { integrity: sha512-RdJUflcE3cUzKiMqQgsCu06FPu9UdIJO0beYbPhHN4k6apgJtifcoCtT9bcxOpYBtpD2kCM6Sbzg4CausW/PKQ== }

  jsesc@3.1.0:
    resolution:
      { integrity: sha512-/sM3dO2FOzXjKQhJuo0Q173wf2KOo8t4I8vHy6lF9poUp7bKT0/NHE8fPX23PwfhnykfqnC2xRxOnVw5XuGIaA== }
    engines: { node: ">=6" }
    hasBin: true

  ms@2.1.3:
    resolution:
      { integrity: sha512-6FlzubTLZG3J2a/NVCAleEhjzq5oxgHyaCU9yYXvcLsvoVaHJq/s5xXI6/XXP6tz7R9xAOtHnSO/tXtF3WRTlA== }

  picocolors@1.1.1:
    resolution:
      { integrity: sha512-xceH2snhtb5M9liqDsmEw56le376mTZkEX/jEb/RxNFyegNul7eNslCXP9FDj/Lcu0X8KEyMceP2ntpaHrDEVA== }

  picomatch@4.0.3:
    resolution:
      { integrity: sha512-5gTmgEY/sqK6gFXLIsQNH19lWb4ebPDLA4SdLP7dsWkIXHWlG66oPuVvXSGFPppYZz8ZDZq0dYYrbHfBCVUb1Q== }
    engines: { node: ">=12" }

  prettier-plugin-packagejson@2.5.19:
    resolution:
      { integrity: sha512-Qsqp4+jsZbKMpEGZB1UP1pxeAT8sCzne2IwnKkr+QhUe665EXUo3BAvTf1kAPCqyMv9kg3ZmO0+7eOni/C6Uag== }
    peerDependencies:
      prettier: ">= 1.16.0"
    peerDependenciesMeta:
      prettier:
        optional: true

  prettier-plugin-tailwindcss@0.6.14:
    resolution:
      { integrity: sha512-pi2e/+ZygeIqntN+vC573BcW5Cve8zUB0SSAGxqpB4f96boZF4M3phPVoOFCeypwkpRYdi7+jQ5YJJUwrkGUAg== }
    engines: { node: ">=14.21.3" }
    peerDependencies:
      "@ianvs/prettier-plugin-sort-imports": "*"
      "@prettier/plugin-hermes": "*"
      "@prettier/plugin-oxc": "*"
      "@prettier/plugin-pug": "*"
      "@shopify/prettier-plugin-liquid": "*"
      "@trivago/prettier-plugin-sort-imports": "*"
      "@zackad/prettier-plugin-twig": "*"
      prettier: ^3.0
      prettier-plugin-astro: "*"
      prettier-plugin-css-order: "*"
      prettier-plugin-import-sort: "*"
      prettier-plugin-jsdoc: "*"
      prettier-plugin-marko: "*"
      prettier-plugin-multiline-arrays: "*"
      prettier-plugin-organize-attributes: "*"
      prettier-plugin-organize-imports: "*"
      prettier-plugin-sort-imports: "*"
      prettier-plugin-style-order: "*"
      prettier-plugin-svelte: "*"
    peerDependenciesMeta:
      "@ianvs/prettier-plugin-sort-imports":
        optional: true
      "@prettier/plugin-hermes":
        optional: true
      "@prettier/plugin-oxc":
        optional: true
      "@prettier/plugin-pug":
        optional: true
      "@shopify/prettier-plugin-liquid":
        optional: true
      "@trivago/prettier-plugin-sort-imports":
        optional: true
      "@zackad/prettier-plugin-twig":
        optional: true
      prettier-plugin-astro:
        optional: true
      prettier-plugin-css-order:
        optional: true
      prettier-plugin-import-sort:
        optional: true
      prettier-plugin-jsdoc:
        optional: true
      prettier-plugin-marko:
        optional: true
      prettier-plugin-multiline-arrays:
        optional: true
      prettier-plugin-organize-attributes:
        optional: true
      prettier-plugin-organize-imports:
        optional: true
      prettier-plugin-sort-imports:
        optional: true
      prettier-plugin-style-order:
        optional: true
      prettier-plugin-svelte:
        optional: true

  prettier@3.6.2:
    resolution:
      { integrity: sha512-I7AIg5boAr5R0FFtJ6rCfD+LFsWHp81dolrFD8S79U9tb8Az2nGrJncnMSnys+bpQJfRUzqs9hnA81OAA3hCuQ== }
    engines: { node: ">=14" }
    hasBin: true

  semver@7.7.2:
    resolution:
      { integrity: sha512-RF0Fw+rO5AMf9MAyaRXI4AV0Ulj5lMHqVxxdSgiVbixSCXoEmmX/jk0CuJw4+3SqroYO9VoUh+HcuJivvtJemA== }
    engines: { node: ">=10" }
    hasBin: true

  sort-object-keys@1.1.3:
    resolution:
      { integrity: sha512-855pvK+VkU7PaKYPc+Jjnmt4EzejQHyhhF33q31qG8x7maDzkeFhAAThdCYay11CISO+qAMwjOBP+fPZe0IPyg== }

  sort-package-json@3.4.0:
    resolution:
      { integrity: sha512-97oFRRMM2/Js4oEA9LJhjyMlde+2ewpZQf53pgue27UkbEXfHJnDzHlUxQ/DWUkzqmp7DFwJp8D+wi/TYeQhpA== }
    engines: { node: ">=20" }
    hasBin: true

  synckit@0.11.11:
    resolution:
      { integrity: sha512-MeQTA1r0litLUf0Rp/iisCaL8761lKAZHaimlbGK4j0HysC4PLfqygQj9srcs0m2RdtDYnF8UuYyKpbjHYp7Jw== }
    engines: { node: ^14.18.0 || >=16.0.0 }

  tinyglobby@0.2.14:
    resolution:
      { integrity: sha512-tX5e7OM1HnYr2+a2C/4V0htOcSQcoSTH9KgJnVvNm5zm/cyEWKJ7j7YutsH9CxMdtOkkLFy2AHrMci9IM8IPZQ== }
    engines: { node: ">=12.0.0" }

snapshots:
  "@babel/code-frame@7.27.1":
    dependencies:
      "@babel/helper-validator-identifier": 7.27.1
      js-tokens: 4.0.0
      picocolors: 1.1.1

  "@babel/generator@7.28.0":
    dependencies:
      "@babel/parser": 7.28.0
      "@babel/types": 7.28.2
      "@jridgewell/gen-mapping": 0.3.12
      "@jridgewell/trace-mapping": 0.3.29
      jsesc: 3.1.0

  "@babel/helper-globals@7.28.0": {}

  "@babel/helper-string-parser@7.27.1": {}

  "@babel/helper-validator-identifier@7.27.1": {}

  "@babel/parser@7.28.0":
    dependencies:
      "@babel/types": 7.28.2

  "@babel/template@7.27.2":
    dependencies:
      "@babel/code-frame": 7.27.1
      "@babel/parser": 7.28.0
      "@babel/types": 7.28.2

  "@babel/traverse@7.28.0":
    dependencies:
      "@babel/code-frame": 7.27.1
      "@babel/generator": 7.28.0
      "@babel/helper-globals": 7.28.0
      "@babel/parser": 7.28.0
      "@babel/template": 7.27.2
      "@babel/types": 7.28.2
      debug: 4.4.1
    transitivePeerDependencies:
      - supports-color

  "@babel/types@7.28.2":
    dependencies:
      "@babel/helper-string-parser": 7.27.1
      "@babel/helper-validator-identifier": 7.27.1

  "@ianvs/prettier-plugin-sort-imports@4.6.1(prettier@3.6.2)":
    dependencies:
      "@babel/generator": 7.28.0
      "@babel/parser": 7.28.0
      "@babel/traverse": 7.28.0
      "@babel/types": 7.28.2
      prettier: 3.6.2
      semver: 7.7.2
    transitivePeerDependencies:
      - supports-color

  "@jridgewell/gen-mapping@0.3.12":
    dependencies:
      "@jridgewell/sourcemap-codec": 1.5.4
      "@jridgewell/trace-mapping": 0.3.29

  "@jridgewell/resolve-uri@3.1.2": {}

  "@jridgewell/sourcemap-codec@1.5.4": {}

  "@jridgewell/trace-mapping@0.3.29":
    dependencies:
      "@jridgewell/resolve-uri": 3.1.2
      "@jridgewell/sourcemap-codec": 1.5.4

  "@pkgr/core@0.2.9": {}

  debug@4.4.1:
    dependencies:
      ms: 2.1.3

  detect-indent@7.0.1: {}

  detect-newline@4.0.1: {}

  fdir@6.4.6(picomatch@4.0.3):
    optionalDependencies:
      picomatch: 4.0.3

  git-hooks-list@4.1.1: {}

  is-plain-obj@4.1.0: {}

  js-tokens@4.0.0: {}

  jsesc@3.1.0: {}

  ms@2.1.3: {}

  picocolors@1.1.1: {}

  picomatch@4.0.3: {}

  prettier-plugin-packagejson@2.5.19(prettier@3.6.2):
    dependencies:
      sort-package-json: 3.4.0
      synckit: 0.11.11
    optionalDependencies:
      prettier: 3.6.2

  prettier-plugin-tailwindcss@0.6.14(@ianvs/prettier-plugin-sort-imports@4.6.1(prettier@3.6.2))(prettier@3.6.2):
    dependencies:
      prettier: 3.6.2
    optionalDependencies:
      "@ianvs/prettier-plugin-sort-imports": 4.6.1(prettier@3.6.2)

  prettier@3.6.2: {}

  semver@7.7.2: {}

  sort-object-keys@1.1.3: {}

  sort-package-json@3.4.0:
    dependencies:
      detect-indent: 7.0.1
      detect-newline: 4.0.1
      git-hooks-list: 4.1.1
      is-plain-obj: 4.1.0
      semver: 7.7.2
      sort-object-keys: 1.1.3
      tinyglobby: 0.2.14

  synckit@0.11.11:
    dependencies:
      "@pkgr/core": 0.2.9

  tinyglobby@0.2.14:
    dependencies:
      fdir: 6.4.6(picomatch@4.0.3)
      picomatch: 4.0.3
